Microsoft Visual Studio Solution File, Format Version 11.00
# Visual Studio 2008

Project("{C54668B4-1C08-A2EC-C8DA-5BE42872B116}") = "Cave Generator", "Assembly-CSharp.csproj", "{301923D3-BBEF-56AB-CBA7-88E39F218193}"
EndProject
Global
	GlobalSection(SolutionConfigurationPlatforms) = preSolution
		Debug|Any CPU = Debug|Any CPU
		Release|Any CPU = Release|Any CPU
	EndGlobalSection
	GlobalSection(ProjectConfigurationPlatforms) = postSolution
		{301923D3-BBEF-56AB-CBA7-88E39F218193}.Debug|Any CPU.ActiveCfg = Debug|Any CPU
		{301923D3-BBEF-56AB-CBA7-88E39F218193}.Debug|Any CPU.Build.0 = Debug|Any CPU
		{301923D3-BBEF-56AB-CBA7-88E39F218193}.Release|Any CPU.ActiveCfg = Release|Any CPU
		{301923D3-BBEF-56AB-CBA7-88E39F218193}.Release|Any CPU.Build.0 = Release|Any CPU
	EndGlobalSection
	GlobalSection(SolutionProperties) = preSolution
		HideSolutionNode = FALSE
	EndGlobalSection
	GlobalSection(MonoDevelopProperties) = preSolution
		StartupItem = Assembly-CSharp.csproj
	EndGlobalSection
EndGlobal
